{
  "name": "ts-project-reference",
  "version": "1.0.0",
  "lockfileVersion": 3,
  "requires": true,
  "packages": {
    "": {
      "name": "ts-project-reference",
      "version": "1.0.0",
      "license": "ISC",
      "workspaces": [
        "packages/A",
        "packages/B"
      ],
      "devDependencies": {
        "typescript": "^5.2.2"
      }
    },
    "node_modules/@my-package/a": {
      "resolved": "packages/A",
      "link": true
    },
    "node_modules/@my-package/b": {
      "resolved": "packages/B",
      "link": true
    },
    "node_modules/typescript": {
      "version": "5.2.2",
      "resolved": "https://registry.npmjs.org/typescript/-/typescript-5.2.2.tgz",
      "integrity": "sha512-mI4WrpHsbCIcwT9cF4FZvr80QUeKvsUsUvKDoR+X/7XHQH98xYD8YHZg7ANtz2GtZt/CBq2QJ0thkGJMHfqc1w==",
      "dev": true,
      "bin": {
        "tsc": "bin/tsc",
        "tsserver": "bin/tsserver"
      },
      "engines": {
        "node": ">=14.17"
      }
    },
    "packages/A": {
      "name": "@my-package/a",
      "version": "1.0.0",
      "license": "ISC"
    },
    "packages/B": {
      "name": "@my-package/b",
      "version": "1.0.0",
      "license": "ISC",
      "dependencies": {
        "@my-package/a": "^1.0.0"
      }
    }
  }
}
